// !$*UTF8*$!
{
	archiveVersion = 1;
	classes = {
	};
	objectVersion = 56;
	objects = {

/* Begin PBXBuildFile section */
		846489F92B14E4A70031E60F /* AppDelegate.swift in Sources */ = {isa = PBXBuildFile; fileRef = 846489F82B14E4A70031E60F /* AppDelegate.swift */; };
		846489FB2B14E4A70031E60F /* SceneDelegate.swift in Sources */ = {isa = PBXBuildFile; fileRef = 846489FA2B14E4A70031E60F /* SceneDelegate.swift */; };
		84648A002B14E4A70031E60F /* Authentication.storyboard in Resources */ = {isa = PBXBuildFile; fileRef = 846489FE2B14E4A70031E60F /* Authentication.storyboard */; };
		84648A022B14E4A90031E60F /* Assets.xcassets in Resources */ = {isa = PBXBuildFile; fileRef = 84648A012B14E4A90031E60F /* Assets.xcassets */; };
		84648A052B14E4A90031E60F /* LaunchScreen.storyboard in Resources */ = {isa = PBXBuildFile; fileRef = 84648A032B14E4A90031E60F /* LaunchScreen.storyboard */; };
		84648A102B14E4A90031E60F /* UserAppTests.swift in Sources */ = {isa = PBXBuildFile; fileRef = 84648A0F2B14E4A90031E60F /* UserAppTests.swift */; };
		84648A1A2B14E4A90031E60F /* UserAppUITests.swift in Sources */ = {isa = PBXBuildFile; fileRef = 84648A192B14E4A90031E60F /* UserAppUITests.swift */; };
		84648A1C2B14E4A90031E60F /* UserAppUITestsLaunchTests.swift in Sources */ = {isa = PBXBuildFile; fileRef = 84648A1B2B14E4A90031E60F /* UserAppUITestsLaunchTests.swift */; };
		84648A2C2B14E8420031E60F /* UserListViewController.swift in Sources */ = {isa = PBXBuildFile; fileRef = 84648A2B2B14E8420031E60F /* UserListViewController.swift */; };
		84648A2F2B14E9290031E60F /* AddUserViewController.swift in Sources */ = {isa = PBXBuildFile; fileRef = 84648A2E2B14E9290031E60F /* AddUserViewController.swift */; };
		84648A312B14E9FA0031E60F /* AddUserViewModel.swift in Sources */ = {isa = PBXBuildFile; fileRef = 84648A302B14E9FA0031E60F /* AddUserViewModel.swift */; };
		84648A342B14EAB10031E60F /* HTTPRequestController.swift in Sources */ = {isa = PBXBuildFile; fileRef = 84648A332B14EAB10031E60F /* HTTPRequestController.swift */; };
		84648A362B14EAEF0031E60F /* HTTPMethod.swift in Sources */ = {isa = PBXBuildFile; fileRef = 84648A352B14EAEF0031E60F /* HTTPMethod.swift */; };
		84648A382B14EB070031E60F /* HTTPHeader.swift in Sources */ = {isa = PBXBuildFile; fileRef = 84648A372B14EB070031E60F /* HTTPHeader.swift */; };
		84648A3A2B14EC840031E60F /* APIError.swift in Sources */ = {isa = PBXBuildFile; fileRef = 84648A392B14EC830031E60F /* APIError.swift */; };
		84648A3C2B14ED220031E60F /* APIRequest.swift in Sources */ = {isa = PBXBuildFile; fileRef = 84648A3B2B14ED220031E60F /* APIRequest.swift */; };
		84648A402B14F69D0031E60F /* FieldError.swift in Sources */ = {isa = PBXBuildFile; fileRef = 84648A3F2B14F69D0031E60F /* FieldError.swift */; };
		84648A422B14F9DA0031E60F /* User.swift in Sources */ = {isa = PBXBuildFile; fileRef = 84648A412B14F9DA0031E60F /* User.swift */; };
		84648A442B14FB270031E60F /* CreateUserParam.swift in Sources */ = {isa = PBXBuildFile; fileRef = 84648A432B14FB270031E60F /* CreateUserParam.swift */; };
		84648A462B151AEC0031E60F /* UserListViewModel.swift in Sources */ = {isa = PBXBuildFile; fileRef = 84648A452B151AEC0031E60F /* UserListViewModel.swift */; };
		84648A482B1523120031E60F /* UserTableViewCell.swift in Sources */ = {isa = PBXBuildFile; fileRef = 84648A472B1523120031E60F /* UserTableViewCell.swift */; };
		84FB705D2B159F0C0071F5F5 /* UIViewControllerExtension.swift in Sources */ = {isa = PBXBuildFile; fileRef = 84FB705C2B159F0C0071F5F5 /* UIViewControllerExtension.swift */; };
		84FB705F2B159F620071F5F5 /* ValidationError.swift in Sources */ = {isa = PBXBuildFile; fileRef = 84FB705E2B159F620071F5F5 /* ValidationError.swift */; };
		84FB70612B159F7B0071F5F5 /* LoaderListner.swift in Sources */ = {isa = PBXBuildFile; fileRef = 84FB70602B159F7B0071F5F5 /* LoaderListner.swift */; };
		84FB70642B159FAA0071F5F5 /* UserRequest.swift in Sources */ = {isa = PBXBuildFile; fileRef = 84FB70632B159FAA0071F5F5 /* UserRequest.swift */; };
		84FB70662B159FC20071F5F5 /* ValidaionFactory.swift in Sources */ = {isa = PBXBuildFile; fileRef = 84FB70652B159FC20071F5F5 /* ValidaionFactory.swift */; };
/* End PBXBuildFile section */

/* Begin PBXContainerItemProxy section */
		84648A0C2B14E4A90031E60F /* PBXContainerItemProxy */ = {
			isa = PBXContainerItemProxy;
			containerPortal = 846489ED2B14E4A70031E60F /* Project object */;
			proxyType = 1;
			remoteGlobalIDString = 846489F42B14E4A70031E60F;
			remoteInfo = UserApp;
		};
		84648A162B14E4A90031E60F /* PBXContainerItemProxy */ = {
			isa = PBXContainerItemProxy;
			containerPortal = 846489ED2B14E4A70031E60F /* Project object */;
			proxyType = 1;
			remoteGlobalIDString = 846489F42B14E4A70031E60F;
			remoteInfo = UserApp;
		};
/* End PBXContainerItemProxy section */

/* Begin PBXFileReference section */
		846489F52B14E4A70031E60F /* UserApp.app */ = {isa = PBXFileReference; explicitFileType = wrapper.application; includeInIndex = 0; path = UserApp.app; sourceTree = BUILT_PRODUCTS_DIR; };
		846489F82B14E4A70031E60F /* AppDelegate.swift */ = {isa = PBXFileReference; lastKnownFileType = sourcecode.swift; path = AppDelegate.swift; sourceTree = "<group>"; };
		846489FA2B14E4A70031E60F /* SceneDelegate.swift */ = {isa = PBXFileReference; lastKnownFileType = sourcecode.swift; path = SceneDelegate.swift; sourceTree = "<group>"; };
		846489FF2B14E4A70031E60F /* Base */ = {isa = PBXFileReference; lastKnownFileType = file.storyboard; name = Base; path = Base.lproj/Authentication.storyboard; sourceTree = "<group>"; };
		84648A012B14E4A90031E60F /* Assets.xcassets */ = {isa = PBXFileReference; lastKnownFileType = folder.assetcatalog; path = Assets.xcassets; sourceTree = "<group>"; };
		84648A042B14E4A90031E60F /* Base */ = {isa = PBXFileReference; lastKnownFileType = file.storyboard; name = Base; path = Base.lproj/LaunchScreen.storyboard; sourceTree = "<group>"; };
		84648A062B14E4A90031E60F /* Info.plist */ = {isa = PBXFileReference; lastKnownFileType = text.plist.xml; path = Info.plist; sourceTree = "<group>"; };
		84648A0B2B14E4A90031E60F /* UserAppTests.xctest */ = {isa = PBXFileReference; explicitFileType = wrapper.cfbundle; includeInIndex = 0; path = UserAppTests.xctest; sourceTree = BUILT_PRODUCTS_DIR; };
		84648A0F2B14E4A90031E60F /* UserAppTests.swift */ = {isa = PBXFileReference; lastKnownFileType = sourcecode.swift; path = UserAppTests.swift; sourceTree = "<group>"; };
		84648A152B14E4A90031E60F /* UserAppUITests.xctest */ = {isa = PBXFileReference; explicitFileType = wrapper.cfbundle; includeInIndex = 0; path = UserAppUITests.xctest; sourceTree = BUILT_PRODUCTS_DIR; };
		84648A192B14E4A90031E60F /* UserAppUITests.swift */ = {isa = PBXFileReference; lastKnownFileType = sourcecode.swift; path = UserAppUITests.swift; sourceTree = "<group>"; };
		84648A1B2B14E4A90031E60F /* UserAppUITestsLaunchTests.swift */ = {isa = PBXFileReference; lastKnownFileType = sourcecode.swift; path = UserAppUITestsLaunchTests.swift; sourceTree = "<group>"; };
		84648A2B2B14E8420031E60F /* UserListViewController.swift */ = {isa = PBXFileReference; lastKnownFileType = sourcecode.swift; path = UserListViewController.swift; sourceTree = "<group>"; };
		84648A2E2B14E9290031E60F /* AddUserViewController.swift */ = {isa = PBXFileReference; lastKnownFileType = sourcecode.swift; path = AddUserViewController.swift; sourceTree = "<group>"; };
		84648A302B14E9FA0031E60F /* AddUserViewModel.swift */ = {isa = PBXFileReference; lastKnownFileType = sourcecode.swift; path = AddUserViewModel.swift; sourceTree = "<group>"; };
		84648A332B14EAB10031E60F /* HTTPRequestController.swift */ = {isa = PBXFileReference; lastKnownFileType = sourcecode.swift; path = HTTPRequestController.swift; sourceTree = "<group>"; };
		84648A352B14EAEF0031E60F /* HTTPMethod.swift */ = {isa = PBXFileReference; lastKnownFileType = sourcecode.swift; path = HTTPMethod.swift; sourceTree = "<group>"; };
		84648A372B14EB070031E60F /* HTTPHeader.swift */ = {isa = PBXFileReference; lastKnownFileType = sourcecode.swift; path = HTTPHeader.swift; sourceTree = "<group>"; };
		84648A392B14EC830031E60F /* APIError.swift */ = {isa = PBXFileReference; lastKnownFileType = sourcecode.swift; path = APIError.swift; sourceTree = "<group>"; };
		84648A3B2B14ED220031E60F /* APIRequest.swift */ = {isa = PBXFileReference; lastKnownFileType = sourcecode.swift; path = APIRequest.swift; sourceTree = "<group>"; };
		84648A3F2B14F69D0031E60F /* FieldError.swift */ = {isa = PBXFileReference; lastKnownFileType = sourcecode.swift; path = FieldError.swift; sourceTree = "<group>"; };
		84648A412B14F9DA0031E60F /* User.swift */ = {isa = PBXFileReference; lastKnownFileType = sourcecode.swift; path = User.swift; sourceTree = "<group>"; };
		84648A432B14FB270031E60F /* CreateUserParam.swift */ = {isa = PBXFileReference; lastKnownFileType = sourcecode.swift; path = CreateUserParam.swift; sourceTree = "<group>"; };
		84648A452B151AEC0031E60F /* UserListViewModel.swift */ = {isa = PBXFileReference; lastKnownFileType = sourcecode.swift; path = UserListViewModel.swift; sourceTree = "<group>"; };
		84648A472B1523120031E60F /* UserTableViewCell.swift */ = {isa = PBXFileReference; lastKnownFileType = sourcecode.swift; path = UserTableViewCell.swift; sourceTree = "<group>"; };
		84FB705C2B159F0C0071F5F5 /* UIViewControllerExtension.swift */ = {isa = PBXFileReference; lastKnownFileType = sourcecode.swift; path = UIViewControllerExtension.swift; sourceTree = "<group>"; };
		84FB705E2B159F620071F5F5 /* ValidationError.swift */ = {isa = PBXFileReference; lastKnownFileType = sourcecode.swift; path = ValidationError.swift; sourceTree = "<group>"; };
		84FB70602B159F7B0071F5F5 /* LoaderListner.swift */ = {isa = PBXFileReference; lastKnownFileType = sourcecode.swift; path = LoaderListner.swift; sourceTree = "<group>"; };
		84FB70632B159FAA0071F5F5 /* UserRequest.swift */ = {isa = PBXFileReference; lastKnownFileType = sourcecode.swift; path = UserRequest.swift; sourceTree = "<group>"; };
		84FB70652B159FC20071F5F5 /* ValidaionFactory.swift */ = {isa = PBXFileReference; lastKnownFileType = sourcecode.swift; path = ValidaionFactory.swift; sourceTree = "<group>"; };
/* End PBXFileReference section */

/* Begin PBXFrameworksBuildPhase section */
		846489F22B14E4A70031E60F /* Frameworks */ = {
			isa = PBXFrameworksBuildPhase;
			buildActionMask = 2147483647;
			files = (
			);
			runOnlyForDeploymentPostprocessing = 0;
		};
		84648A082B14E4A90031E60F /* Frameworks */ = {
			isa = PBXFrameworksBuildPhase;
			buildActionMask = 2147483647;
			files = (
			);
			runOnlyForDeploymentPostprocessing = 0;
		};
		84648A122B14E4A90031E60F /* Frameworks */ = {
			isa = PBXFrameworksBuildPhase;
			buildActionMask = 2147483647;
			files = (
			);
			runOnlyForDeploymentPostprocessing = 0;
		};
/* End PBXFrameworksBuildPhase section */

/* Begin PBXGroup section */
		846489EC2B14E4A70031E60F = {
			isa = PBXGroup;
			children = (
				846489F72B14E4A70031E60F /* UserApp */,
				84648A0E2B14E4A90031E60F /* UserAppTests */,
				84648A182B14E4A90031E60F /* UserAppUITests */,
				846489F62B14E4A70031E60F /* Products */,
			);
			sourceTree = "<group>";
		};
		846489F62B14E4A70031E60F /* Products */ = {
			isa = PBXGroup;
			children = (
				846489F52B14E4A70031E60F /* UserApp.app */,
				84648A0B2B14E4A90031E60F /* UserAppTests.xctest */,
				84648A152B14E4A90031E60F /* UserAppUITests.xctest */,
			);
			name = Products;
			sourceTree = "<group>";
		};
		846489F72B14E4A70031E60F /* UserApp */ = {
			isa = PBXGroup;
			children = (
				84FB706F2B15A1A00071F5F5 /* Resources */,
				84FB706C2B15A15B0071F5F5 /* Domain */,
				84FB705B2B159E410071F5F5 /* Common */,
				84648A322B14EA9C0031E60F /* Network */,
				84648A282B14E7170031E60F /* Authentication */,
				846489F82B14E4A70031E60F /* AppDelegate.swift */,
				846489FA2B14E4A70031E60F /* SceneDelegate.swift */,
				84648A032B14E4A90031E60F /* LaunchScreen.storyboard */,
				84648A062B14E4A90031E60F /* Info.plist */,
			);
			path = UserApp;
			sourceTree = "<group>";
		};
		84648A0E2B14E4A90031E60F /* UserAppTests */ = {
			isa = PBXGroup;
			children = (
				84648A0F2B14E4A90031E60F /* UserAppTests.swift */,
			);
			path = UserAppTests;
			sourceTree = "<group>";
		};
		84648A182B14E4A90031E60F /* UserAppUITests */ = {
			isa = PBXGroup;
			children = (
				84648A192B14E4A90031E60F /* UserAppUITests.swift */,
				84648A1B2B14E4A90031E60F /* UserAppUITestsLaunchTests.swift */,
			);
			path = UserAppUITests;
			sourceTree = "<group>";
		};
		84648A282B14E7170031E60F /* Authentication */ = {
			isa = PBXGroup;
			children = (
				84FB70752B15AED00071F5F5 /* Screens */,
				84FB70742B15AAE90071F5F5 /* View */,
			);
			path = Authentication;
			sourceTree = "<group>";
		};
		84648A292B14E7240031E60F /* Users */ = {
			isa = PBXGroup;
			children = (
				84FB70732B15A6CE0071F5F5 /* ViewModel */,
				84FB70722B15A6B20071F5F5 /* View */,
			);
			path = Users;
			sourceTree = "<group>";
		};
		84648A2D2B14E9080031E60F /* AddUser */ = {
			isa = PBXGroup;
			children = (
				84FB70712B15A69D0071F5F5 /* View */,
				84FB70702B15A6950071F5F5 /* ViewModel */,
			);
			path = AddUser;
			sourceTree = "<group>";
		};
		84648A322B14EA9C0031E60F /* Network */ = {
			isa = PBXGroup;
			children = (
				84FB706B2B15A1430071F5F5 /* Enum */,
				84FB706A2B15A1370071F5F5 /* Protocol */,
				84FB70692B15A1250071F5F5 /* Controller */,
			);
			path = Network;
			sourceTree = "<group>";
		};
		84FB705B2B159E410071F5F5 /* Common */ = {
			isa = PBXGroup;
			children = (
				84FB70682B15A0FF0071F5F5 /* Utilities */,
				84FB70672B15A0F70071F5F5 /* Extensions */,
			);
			path = Common;
			sourceTree = "<group>";
		};
		84FB70672B15A0F70071F5F5 /* Extensions */ = {
			isa = PBXGroup;
			children = (
				84FB705C2B159F0C0071F5F5 /* UIViewControllerExtension.swift */,
			);
			path = Extensions;
			sourceTree = "<group>";
		};
		84FB70682B15A0FF0071F5F5 /* Utilities */ = {
			isa = PBXGroup;
			children = (
				84FB705E2B159F620071F5F5 /* ValidationError.swift */,
				84FB70602B159F7B0071F5F5 /* LoaderListner.swift */,
				84FB70652B159FC20071F5F5 /* ValidaionFactory.swift */,
			);
			path = Utilities;
			sourceTree = "<group>";
		};
		84FB70692B15A1250071F5F5 /* Controller */ = {
			isa = PBXGroup;
			children = (
				84648A332B14EAB10031E60F /* HTTPRequestController.swift */,
			);
			path = Controller;
			sourceTree = "<group>";
		};
		84FB706A2B15A1370071F5F5 /* Protocol */ = {
			isa = PBXGroup;
			children = (
				84648A3B2B14ED220031E60F /* APIRequest.swift */,
			);
			path = Protocol;
			sourceTree = "<group>";
		};
		84FB706B2B15A1430071F5F5 /* Enum */ = {
			isa = PBXGroup;
			children = (
				84648A392B14EC830031E60F /* APIError.swift */,
				84648A352B14EAEF0031E60F /* HTTPMethod.swift */,
				84648A372B14EB070031E60F /* HTTPHeader.swift */,
			);
			path = Enum;
			sourceTree = "<group>";
		};
		84FB706C2B15A15B0071F5F5 /* Domain */ = {
			isa = PBXGroup;
			children = (
				84FB706E2B15A17B0071F5F5 /* UseCases */,
				84FB706D2B15A1610071F5F5 /* Entities */,
			);
			path = Domain;
			sourceTree = "<group>";
		};
		84FB706D2B15A1610071F5F5 /* Entities */ = {
			isa = PBXGroup;
			children = (
				84648A3F2B14F69D0031E60F /* FieldError.swift */,
				84648A412B14F9DA0031E60F /* User.swift */,
				84648A432B14FB270031E60F /* CreateUserParam.swift */,
			);
			path = Entities;
			sourceTree = "<group>";
		};
		84FB706E2B15A17B0071F5F5 /* UseCases */ = {
			isa = PBXGroup;
			children = (
				84FB70632B159FAA0071F5F5 /* UserRequest.swift */,
			);
			path = UseCases;
			sourceTree = "<group>";
		};
		84FB706F2B15A1A00071F5F5 /* Resources */ = {
			isa = PBXGroup;
			children = (
				84648A012B14E4A90031E60F /* Assets.xcassets */,
			);
			path = Resources;
			sourceTree = "<group>";
		};
		84FB70702B15A6950071F5F5 /* ViewModel */ = {
			isa = PBXGroup;
			children = (
				84648A302B14E9FA0031E60F /* AddUserViewModel.swift */,
			);
			path = ViewModel;
			sourceTree = "<group>";
		};
		84FB70712B15A69D0071F5F5 /* View */ = {
			isa = PBXGroup;
			children = (
				84648A2E2B14E9290031E60F /* AddUserViewController.swift */,
			);
			path = View;
			sourceTree = "<group>";
		};
		84FB70722B15A6B20071F5F5 /* View */ = {
			isa = PBXGroup;
			children = (
				84648A2B2B14E8420031E60F /* UserListViewController.swift */,
				84648A472B1523120031E60F /* UserTableViewCell.swift */,
			);
			path = View;
			sourceTree = "<group>";
		};
		84FB70732B15A6CE0071F5F5 /* ViewModel */ = {
			isa = PBXGroup;
			children = (
				84648A452B151AEC0031E60F /* UserListViewModel.swift */,
			);
			path = ViewModel;
			sourceTree = "<group>";
		};
		84FB70742B15AAE90071F5F5 /* View */ = {
			isa = PBXGroup;
			children = (
				846489FE2B14E4A70031E60F /* Authentication.storyboard */,
			);
			path = View;
			sourceTree = "<group>";
		};
		84FB70752B15AED00071F5F5 /* Screens */ = {
			isa = PBXGroup;
			children = (
				84648A2D2B14E9080031E60F /* AddUser */,
				84648A292B14E7240031E60F /* Users */,
			);
			path = Screens;
			sourceTree = "<group>";
		};
/* End PBXGroup section */

/* Begin PBXNativeTarget section */
		846489F42B14E4A70031E60F /* UserApp */ = {
			isa = PBXNativeTarget;
			buildConfigurationList = 84648A1F2B14E4A90031E60F /* Build configuration list for PBXNativeTarget "UserApp" */;
			buildPhases = (
				846489F12B14E4A70031E60F /* Sources */,
				846489F22B14E4A70031E60F /* Frameworks */,
				846489F32B14E4A70031E60F /* Resources */,
			);
			buildRules = (
			);
			dependencies = (
			);
			name = UserApp;
			productName = UserApp;
			productReference = 846489F52B14E4A70031E60F /* UserApp.app */;
			productType = "com.apple.product-type.application";
		};
		84648A0A2B14E4A90031E60F /* UserAppTests */ = {
			isa = PBXNativeTarget;
			buildConfigurationList = 84648A222B14E4A90031E60F /* Build configuration list for PBXNativeTarget "UserAppTests" */;
			buildPhases = (
				84648A072B14E4A90031E60F /* Sources */,
				84648A082B14E4A90031E60F /* Frameworks */,
				84648A092B14E4A90031E60F /* Resources */,
			);
			buildRules = (
			);
			dependencies = (
				84648A0D2B14E4A90031E60F /* PBXTargetDependency */,
			);
			name = UserAppTests;
			productName = UserAppTests;
			productReference = 84648A0B2B14E4A90031E60F /* UserAppTests.xctest */;
			productType = "com.apple.product-type.bundle.unit-test";
		};
		84648A142B14E4A90031E60F /* UserAppUITests */ = {
			isa = PBXNativeTarget;
			buildConfigurationList = 84648A252B14E4A90031E60F /* Build configuration list for PBXNativeTarget "UserAppUITests" */;
			buildPhases = (
				84648A112B14E4A90031E60F /* Sources */,
				84648A122B14E4A90031E60F /* Frameworks */,
				84648A132B14E4A90031E60F /* Resources */,
			);
			buildRules = (
			);
			dependencies = (
				84648A172B14E4A90031E60F /* PBXTargetDependency */,
			);
			name = UserAppUITests;
			productName = UserAppUITests;
			productReference = 84648A152B14E4A90031E60F /* UserAppUITests.xctest */;
			productType = "com.apple.product-type.bundle.ui-testing";
		};
/* End PBXNativeTarget section */

/* Begin PBXProject section */
		846489ED2B14E4A70031E60F /* Project object */ = {
			isa = PBXProject;
			attributes = {
				BuildIndependentTargetsInParallel = 1;
				LastSwiftUpdateCheck = 1500;
				LastUpgradeCheck = 1500;
				TargetAttributes = {
					846489F42B14E4A70031E60F = {
						CreatedOnToolsVersion = 15.0;
					};
					84648A0A2B14E4A90031E60F = {
						CreatedOnToolsVersion = 15.0;
						TestTargetID = 846489F42B14E4A70031E60F;
					};
					84648A142B14E4A90031E60F = {
						CreatedOnToolsVersion = 15.0;
						TestTargetID = 846489F42B14E4A70031E60F;
					};
				};
			};
			buildConfigurationList = 846489F02B14E4A70031E60F /* Build configuration list for PBXProject "UserApp" */;
			compatibilityVersion = "Xcode 14.0";
			developmentRegion = en;
			hasScannedForEncodings = 0;
			knownRegions = (
				en,
				Base,
			);
			mainGroup = 846489EC2B14E4A70031E60F;
			productRefGroup = 846489F62B14E4A70031E60F /* Products */;
			projectDirPath = "";
			projectRoot = "";
			targets = (
				846489F42B14E4A70031E60F /* UserApp */,
				84648A0A2B14E4A90031E60F /* UserAppTests */,
				84648A142B14E4A90031E60F /* UserAppUITests */,
			);
		};
/* End PBXProject section */

/* Begin PBXResourcesBuildPhase section */
		846489F32B14E4A70031E60F /* Resources */ = {
			isa = PBXResourcesBuildPhase;
			buildActionMask = 2147483647;
			files = (
				84648A052B14E4A90031E60F /* LaunchScreen.storyboard in Resources */,
				84648A022B14E4A90031E60F /* Assets.xcassets in Resources */,
				84648A002B14E4A70031E60F /* Authentication.storyboard in Resources */,
			);
			runOnlyForDeploymentPostprocessing = 0;
		};
		84648A092B14E4A90031E60F /* Resources */ = {
			isa = PBXResourcesBuildPhase;
			buildActionMask = 2147483647;
			files = (
			);
			runOnlyForDeploymentPostprocessing = 0;
		};
		84648A132B14E4A90031E60F /* Resources */ = {
			isa = PBXResourcesBuildPhase;
			buildActionMask = 2147483647;
			files = (
			);
			runOnlyForDeploymentPostprocessing = 0;
		};
/* End PBXResourcesBuildPhase section */

/* Begin PBXSourcesBuildPhase section */
		846489F12B14E4A70031E60F /* Sources */ = {
			isa = PBXSourcesBuildPhase;
			buildActionMask = 2147483647;
			files = (
				84648A442B14FB270031E60F /* CreateUserParam.swift in Sources */,
				84648A422B14F9DA0031E60F /* User.swift in Sources */,
				84648A382B14EB070031E60F /* HTTPHeader.swift in Sources */,
				84FB70662B159FC20071F5F5 /* ValidaionFactory.swift in Sources */,
				84648A2F2B14E9290031E60F /* AddUserViewController.swift in Sources */,
				84FB705D2B159F0C0071F5F5 /* UIViewControllerExtension.swift in Sources */,
				84FB705F2B159F620071F5F5 /* ValidationError.swift in Sources */,
				84648A482B1523120031E60F /* UserTableViewCell.swift in Sources */,
				84648A462B151AEC0031E60F /* UserListViewModel.swift in Sources */,
				84FB70642B159FAA0071F5F5 /* UserRequest.swift in Sources */,
				84648A402B14F69D0031E60F /* FieldError.swift in Sources */,
				84648A3A2B14EC840031E60F /* APIError.swift in Sources */,
				84648A2C2B14E8420031E60F /* UserListViewController.swift in Sources */,
				84648A342B14EAB10031E60F /* HTTPRequestController.swift in Sources */,
				84648A362B14EAEF0031E60F /* HTTPMethod.swift in Sources */,
				84648A3C2B14ED220031E60F /* APIRequest.swift in Sources */,
				846489F92B14E4A70031E60F /* AppDelegate.swift in Sources */,
				84FB70612B159F7B0071F5F5 /* LoaderListner.swift in Sources */,
				846489FB2B14E4A70031E60F /* SceneDelegate.swift in Sources */,
				84648A312B14E9FA0031E60F /* AddUserViewModel.swift in Sources */,
			);
			runOnlyForDeploymentPostprocessing = 0;
		};
		84648A072B14E4A90031E60F /* Sources */ = {
			isa = PBXSourcesBuildPhase;
			buildActionMask = 2147483647;
			files = (
				84648A102B14E4A90031E60F /* UserAppTests.swift in Sources */,
			);
			runOnlyForDeploymentPostprocessing = 0;
		};
		84648A112B14E4A90031E60F /* Sources */ = {
			isa = PBXSourcesBuildPhase;
			buildActionMask = 2147483647;
			files = (
				84648A1A2B14E4A90031E60F /* UserAppUITests.swift in Sources */,
				84648A1C2B14E4A90031E60F /* UserAppUITestsLaunchTests.swift in Sources */,
			);
			runOnlyForDeploymentPostprocessing = 0;
		};
/* End PBXSourcesBuildPhase section */

/* Begin PBXTargetDependency section */
		84648A0D2B14E4A90031E60F /* PBXTargetDependency */ = {
			isa = PBXTargetDependency;
			target = 846489F42B14E4A70031E60F /* UserApp */;
			targetProxy = 84648A0C2B14E4A90031E60F /* PBXContainerItemProxy */;
		};
		84648A172B14E4A90031E60F /* PBXTargetDependency */ = {
			isa = PBXTargetDependency;
			target = 846489F42B14E4A70031E60F /* UserApp */;
			targetProxy = 84648A162B14E4A90031E60F /* PBXContainerItemProxy */;
		};
/* End PBXTargetDependency section */

/* Begin PBXVariantGroup section */
		846489FE2B14E4A70031E60F /* Authentication.storyboard */ = {
			isa = PBXVariantGroup;
			children = (
				846489FF2B14E4A70031E60F /* Base */,
			);
			name = Authentication.storyboard;
			sourceTree = "<group>";
		};
		84648A032B14E4A90031E60F /* LaunchScreen.storyboard */ = {
			isa = PBXVariantGroup;
			children = (
				84648A042B14E4A90031E60F /* Base */,
			);
			name = LaunchScreen.storyboard;
			sourceTree = "<group>";
		};
/* End PBXVariantGroup section */

/* Begin XCBuildConfiguration section */
		84648A1D2B14E4A90031E60F /* Debug */ = {
			isa = XCBuildConfiguration;
			buildSettings = {
				ALWAYS_SEARCH_USER_PATHS = NO;
				ASSETCATALOG_COMPILER_GENERATE_SWIFT_ASSET_SYMBOL_EXTENSIONS = YES;
				CLANG_ANALYZER_NONNULL = YES;
				CLANG_ANALYZER_NUMBER_OBJECT_CONVERSION = YES_AGGRESSIVE;
				CLANG_CXX_LANGUAGE_STANDARD = "gnu++20";
				CLANG_ENABLE_MODULES = YES;
				CLANG_ENABLE_OBJC_ARC = YES;
				CLANG_ENABLE_OBJC_WEAK = YES;
				CLANG_WARN_BLOCK_CAPTURE_AUTORELEASING = YES;
				CLANG_WARN_BOOL_CONVERSION = YES;
				CLANG_WARN_COMMA = YES;
				CLANG_WARN_CONSTANT_CONVERSION = YES;
				CLANG_WARN_DEPRECATED_OBJC_IMPLEMENTATIONS = YES;
				CLANG_WARN_DIRECT_OBJC_ISA_USAGE = YES_ERROR;
				CLANG_WARN_DOCUMENTATION_COMMENTS = YES;
				CLANG_WARN_EMPTY_BODY = YES;
				CLANG_WARN_ENUM_CONVERSION = YES;
				CLANG_WARN_INFINITE_RECURSION = YES;
				CLANG_WARN_INT_CONVERSION = YES;
				CLANG_WARN_NON_LITERAL_NULL_CONVERSION = YES;
				CLANG_WARN_OBJC_IMPLICIT_RETAIN_SELF = YES;
				CLANG_WARN_OBJC_LITERAL_CONVERSION = YES;
				CLANG_WARN_OBJC_ROOT_CLASS = YES_ERROR;
				CLANG_WARN_QUOTED_INCLUDE_IN_FRAMEWORK_HEADER = YES;
				CLANG_WARN_RANGE_LOOP_ANALYSIS = YES;
				CLANG_WARN_STRICT_PROTOTYPES = YES;
				CLANG_WARN_SUSPICIOUS_MOVE = YES;
				CLANG_WARN_UNGUARDED_AVAILABILITY = YES_AGGRESSIVE;
				CLANG_WARN_UNREACHABLE_CODE = YES;
				CLANG_WARN__DUPLICATE_METHOD_MATCH = YES;
				COPY_PHASE_STRIP = NO;
				DEBUG_INFORMATION_FORMAT = dwarf;
				ENABLE_STRICT_OBJC_MSGSEND = YES;
				ENABLE_TESTABILITY = YES;
				ENABLE_USER_SCRIPT_SANDBOXING = YES;
				GCC_C_LANGUAGE_STANDARD = gnu17;
				GCC_DYNAMIC_NO_PIC = NO;
				GCC_NO_COMMON_BLOCKS = YES;
				GCC_OPTIMIZATION_LEVEL = 0;
				GCC_PREPROCESSOR_DEFINITIONS = (
					"DEBUG=1",
					"$(inherited)",
				);
				GCC_WARN_64_TO_32_BIT_CONVERSION = YES;
				GCC_WARN_ABOUT_RETURN_TYPE = YES_ERROR;
				GCC_WARN_UNDECLARED_SELECTOR = YES;
				GCC_WARN_UNINITIALIZED_AUTOS = YES_AGGRESSIVE;
				GCC_WARN_UNUSED_FUNCTION = YES;
				GCC_WARN_UNUSED_VARIABLE = YES;
				IPHONEOS_DEPLOYMENT_TARGET = 17.0;
				LOCALIZATION_PREFERS_STRING_CATALOGS = YES;
				MTL_ENABLE_DEBUG_INFO = INCLUDE_SOURCE;
				MTL_FAST_MATH = YES;
				ONLY_ACTIVE_ARCH = YES;
				SDKROOT = iphoneos;
				SWIFT_ACTIVE_COMPILATION_CONDITIONS = "DEBUG $(inherited)";
				SWIFT_OPTIMIZATION_LEVEL = "-Onone";
			};
			name = Debug;
		};
		84648A1E2B14E4A90031E60F /* Release */ = {
			isa = XCBuildConfiguration;
			buildSettings = {
				ALWAYS_SEARCH_USER_PATHS = NO;
				ASSETCATALOG_COMPILER_GENERATE_SWIFT_ASSET_SYMBOL_EXTENSIONS = YES;
				CLANG_ANALYZER_NONNULL = YES;
				CLANG_ANALYZER_NUMBER_OBJECT_CONVERSION = YES_AGGRESSIVE;
				CLANG_CXX_LANGUAGE_STANDARD = "gnu++20";
				CLANG_ENABLE_MODULES = YES;
				CLANG_ENABLE_OBJC_ARC = YES;
				CLANG_ENABLE_OBJC_WEAK = YES;
				CLANG_WARN_BLOCK_CAPTURE_AUTORELEASING = YES;
				CLANG_WARN_BOOL_CONVERSION = YES;
				CLANG_WARN_COMMA = YES;
				CLANG_WARN_CONSTANT_CONVERSION = YES;
				CLANG_WARN_DEPRECATED_OBJC_IMPLEMENTATIONS = YES;
				CLANG_WARN_DIRECT_OBJC_ISA_USAGE = YES_ERROR;
				CLANG_WARN_DOCUMENTATION_COMMENTS = YES;
				CLANG_WARN_EMPTY_BODY = YES;
				CLANG_WARN_ENUM_CONVERSION = YES;
				CLANG_WARN_INFINITE_RECURSION = YES;
				CLANG_WARN_INT_CONVERSION = YES;
				CLANG_WARN_NON_LITERAL_NULL_CONVERSION = YES;
				CLANG_WARN_OBJC_IMPLICIT_RETAIN_SELF = YES;
				CLANG_WARN_OBJC_LITERAL_CONVERSION = YES;
				CLANG_WARN_OBJC_ROOT_CLASS = YES_ERROR;
				CLANG_WARN_QUOTED_INCLUDE_IN_FRAMEWORK_HEADER = YES;
				CLANG_WARN_RANGE_LOOP_ANALYSIS = YES;
				CLANG_WARN_STRICT_PROTOTYPES = YES;
				CLANG_WARN_SUSPICIOUS_MOVE = YES;
				CLANG_WARN_UNGUARDED_AVAILABILITY = YES_AGGRESSIVE;
				CLANG_WARN_UNREACHABLE_CODE = YES;
				CLANG_WARN__DUPLICATE_METHOD_MATCH = YES;
				COPY_PHASE_STRIP = NO;
				DEBUG_INFORMATION_FORMAT = "dwarf-with-dsym";
				ENABLE_NS_ASSERTIONS = NO;
				ENABLE_STRICT_OBJC_MSGSEND = YES;
				ENABLE_USER_SCRIPT_SANDBOXING = YES;
				GCC_C_LANGUAGE_STANDARD = gnu17;
				GCC_NO_COMMON_BLOCKS = YES;
				GCC_WARN_64_TO_32_BIT_CONVERSION = YES;
				GCC_WARN_ABOUT_RETURN_TYPE = YES_ERROR;
				GCC_WARN_UNDECLARED_SELECTOR = YES;
				GCC_WARN_UNINITIALIZED_AUTOS = YES_AGGRESSIVE;
				GCC_WARN_UNUSED_FUNCTION = YES;
				GCC_WARN_UNUSED_VARIABLE = YES;
				IPHONEOS_DEPLOYMENT_TARGET = 17.0;
				LOCALIZATION_PREFERS_STRING_CATALOGS = YES;
				MTL_ENABLE_DEBUG_INFO = NO;
				MTL_FAST_MATH = YES;
				SDKROOT = iphoneos;
				SWIFT_COMPILATION_MODE = wholemodule;
				VALIDATE_PRODUCT = YES;
			};
			name = Release;
		};
		84648A202B14E4A90031E60F /* Debug */ = {
			isa = XCBuildConfiguration;
			buildSettings = {
				ASSETCATALOG_COMPILER_APPICON_NAME = AppIcon;
				ASSETCATALOG_COMPILER_GLOBAL_ACCENT_COLOR_NAME = AccentColor;
				CODE_SIGN_STYLE = Automatic;
				CURRENT_PROJECT_VERSION = 1;
				GENERATE_INFOPLIST_FILE = YES;
				INFOPLIST_FILE = UserApp/Info.plist;
				INFOPLIST_KEY_UIApplicationSupportsIndirectInputEvents = YES;
				INFOPLIST_KEY_UILaunchStoryboardName = LaunchScreen;
				INFOPLIST_KEY_UIMainStoryboardFile = Authentication;
				INFOPLIST_KEY_UISupportedInterfaceOrientations = UIInterfaceOrientationPortrait;
				IPHONEOS_DEPLOYMENT_TARGET = 14.0;
				LD_RUNPATH_SEARCH_PATHS = (
					"$(inherited)",
					"@executable_path/Frameworks",
				);
				MARKETING_VERSION = 1.0;
				PRODUCT_BUNDLE_IDENTIFIER = com.testorg.UserApp;
				PRODUCT_NAME = "$(TARGET_NAME)";
				SWIFT_EMIT_LOC_STRINGS = YES;
				SWIFT_VERSION = 5.0;
				TARGETED_DEVICE_FAMILY = "1,2";
			};
			name = Debug;
		};
		84648A212B14E4A90031E60F /* Release */ = {
			isa = XCBuildConfiguration;
			buildSettings = {
				ASSETCATALOG_COMPILER_APPICON_NAME = AppIcon;
				ASSETCATALOG_COMPILER_GLOBAL_ACCENT_COLOR_NAME = AccentColor;
				CODE_SIGN_STYLE = Automatic;
				CURRENT_PROJECT_VERSION = 1;
				GENERATE_INFOPLIST_FILE = YES;
				INFOPLIST_FILE = UserApp/Info.plist;
				INFOPLIST_KEY_UIApplicationSupportsIndirectInputEvents = YES;
				INFOPLIST_KEY_UILaunchStoryboardName = LaunchScreen;
				INFOPLIST_KEY_UIMainStoryboardFile = Authentication;
				INFOPLIST_KEY_UISupportedInterfaceOrientations = UIInterfaceOrientationPortrait;
				IPHONEOS_DEPLOYMENT_TARGET = 14.0;
				LD_RUNPATH_SEARCH_PATHS = (
					"$(inherited)",
					"@executable_path/Frameworks",
				);
				MARKETING_VERSION = 1.0;
				PRODUCT_BUNDLE_IDENTIFIER = com.testorg.UserApp;
				PRODUCT_NAME = "$(TARGET_NAME)";
				SWIFT_EMIT_LOC_STRINGS = YES;
				SWIFT_VERSION = 5.0;
				TARGETED_DEVICE_FAMILY = "1,2";
			};
			name = Release;
		};
		84648A232B14E4A90031E60F /* Debug */ = {
			isa = XCBuildConfiguration;
			buildSettings = {
				ALWAYS_EMBED_SWIFT_STANDARD_LIBRARIES = YES;
				BUNDLE_LOADER = "$(TEST_HOST)";
				CODE_SIGN_STYLE = Automatic;
				CURRENT_PROJECT_VERSION = 1;
				GENERATE_INFOPLIST_FILE = YES;
				IPHONEOS_DEPLOYMENT_TARGET = 17.0;
				MARKETING_VERSION = 1.0;
				PRODUCT_BUNDLE_IDENTIFIER = com.testorg.UserAppTests;
				PRODUCT_NAME = "$(TARGET_NAME)";
				SWIFT_EMIT_LOC_STRINGS = NO;
				SWIFT_VERSION = 5.0;
				TARGETED_DEVICE_FAMILY = "1,2";
				TEST_HOST = "$(BUILT_PRODUCTS_DIR)/UserApp.app/$(BUNDLE_EXECUTABLE_FOLDER_PATH)/UserApp";
			};
			name = Debug;
		};
		84648A242B14E4A90031E60F /* Release */ = {
			isa = XCBuildConfiguration;
			buildSettings = {
				ALWAYS_EMBED_SWIFT_STANDARD_LIBRARIES = YES;
				BUNDLE_LOADER = "$(TEST_HOST)";
				CODE_SIGN_STYLE = Automatic;
				CURRENT_PROJECT_VERSION = 1;
				GENERATE_INFOPLIST_FILE = YES;
				IPHONEOS_DEPLOYMENT_TARGET = 17.0;
				MARKETING_VERSION = 1.0;
				PRODUCT_BUNDLE_IDENTIFIER = com.testorg.UserAppTests;
				PRODUCT_NAME = "$(TARGET_NAME)";
				SWIFT_EMIT_LOC_STRINGS = NO;
				SWIFT_VERSION = 5.0;
				TARGETED_DEVICE_FAMILY = "1,2";
				TEST_HOST = "$(BUILT_PRODUCTS_DIR)/UserApp.app/$(BUNDLE_EXECUTABLE_FOLDER_PATH)/UserApp";
			};
			name = Release;
		};
		84648A262B14E4A90031E60F /* Debug */ = {
			isa = XCBuildConfiguration;
			buildSettings = {
				ALWAYS_EMBED_SWIFT_STANDARD_LIBRARIES = YES;
				CODE_SIGN_STYLE = Automatic;
				CURRENT_PROJECT_VERSION = 1;
				GENERATE_INFOPLIST_FILE = YES;
				MARKETING_VERSION = 1.0;
				PRODUCT_BUNDLE_IDENTIFIER = com.testorg.UserAppUITests;
				PRODUCT_NAME = "$(TARGET_NAME)";
				SWIFT_EMIT_LOC_STRINGS = NO;
				SWIFT_VERSION = 5.0;
				TARGETED_DEVICE_FAMILY = "1,2";
				TEST_TARGET_NAME = UserApp;
			};
			name = Debug;
		};
		84648A272B14E4A90031E60F /* Release */ = {
			isa = XCBuildConfiguration;
			buildSettings = {
				ALWAYS_EMBED_SWIFT_STANDARD_LIBRARIES = YES;
				CODE_SIGN_STYLE = Automatic;
				CURRENT_PROJECT_VERSION = 1;
				GENERATE_INFOPLIST_FILE = YES;
				MARKETING_VERSION = 1.0;
				PRODUCT_BUNDLE_IDENTIFIER = com.testorg.UserAppUITests;
				PRODUCT_NAME = "$(TARGET_NAME)";
				SWIFT_EMIT_LOC_STRINGS = NO;
				SWIFT_VERSION = 5.0;
				TARGETED_DEVICE_FAMILY = "1,2";
				TEST_TARGET_NAME = UserApp;
			};
			name = Release;
		};
/* End XCBuildConfiguration section */

/* Begin XCConfigurationList section */
		846489F02B14E4A70031E60F /* Build configuration list for PBXProject "UserApp" */ = {
			isa = XCConfigurationList;
			buildConfigurations = (
				84648A1D2B14E4A90031E60F /* Debug */,
				84648A1E2B14E4A90031E60F /* Release */,
			);
			defaultConfigurationIsVisible = 0;
			defaultConfigurationName = Release;
		};
		84648A1F2B14E4A90031E60F /* Build configuration list for PBXNativeTarget "UserApp" */ = {
			isa = XCConfigurationList;
			buildConfigurations = (
				84648A202B14E4A90031E60F /* Debug */,
				84648A212B14E4A90031E60F /* Release */,
			);
			defaultConfigurationIsVisible = 0;
			defaultConfigurationName = Release;
		};
		84648A222B14E4A90031E60F /* Build configuration list for PBXNativeTarget "UserAppTests" */ = {
			isa = XCConfigurationList;
			buildConfigurations = (
				84648A232B14E4A90031E60F /* Debug */,
				84648A242B14E4A90031E60F /* Release */,
			);
			defaultConfigurationIsVisible = 0;
			defaultConfigurationName = Release;
		};
		84648A252B14E4A90031E60F /* Build configuration list for PBXNativeTarget "UserAppUITests" */ = {
			isa = XCConfigurationList;
			buildConfigurations = (
				84648A262B14E4A90031E60F /* Debug */,
				84648A272B14E4A90031E60F /* Release */,
			);
			defaultConfigurationIsVisible = 0;
			defaultConfigurationName = Release;
		};
/* End XCConfigurationList section */
	};
	rootObject = 846489ED2B14E4A70031E60F /* Project object */;
}
